// !$*UTF8*$!
{
	archiveVersion = 1;
	classes = {
	};
	objectVersion = 55;
	objects = {

/* Begin PBXBuildFile section */
		21011DFC284FCE060094FC78 /* Objects.swift in Sources */ = {isa = PBXBuildFile; fileRef = 21011DFB284FCE060094FC78 /* Objects.swift */; };
		21011DFE284FD8A80094FC78 /* Functions.swift in Sources */ = {isa = PBXBuildFile; fileRef = 21011DFD284FD8A80094FC78 /* Functions.swift */; };
		2113AE3B284AB71300680017 /* Testview.swift in Sources */ = {isa = PBXBuildFile; fileRef = 2113AE3A284AB71300680017 /* Testview.swift */; };
		2113AE63284B9BF300680017 /* ScanTextField in Frameworks */ = {isa = PBXBuildFile; productRef = 2113AE62284B9BF300680017 /* ScanTextField */; };
		2113AE66284BAA3100680017 /* CTScanText in Frameworks */ = {isa = PBXBuildFile; productRef = 2113AE65284BAA3100680017 /* CTScanText */; };
		2113AE6A284CE39900680017 /* Processhandler.swift in Sources */ = {isa = PBXBuildFile; fileRef = 2113AE69284CE39900680017 /* Processhandler.swift */; };
		2113AE6C284D4BF400680017 /* Sheetinfoview.swift in Sources */ = {isa = PBXBuildFile; fileRef = 2113AE6B284D4BF400680017 /* Sheetinfoview.swift */; };
		2113AE6E284D5F5B00680017 /* Loadingview.swift in Sources */ = {isa = PBXBuildFile; fileRef = 2113AE6D284D5F5B00680017 /* Loadingview.swift */; };
		211C402B284970180091797F /* NotedApp.swift in Sources */ = {isa = PBXBuildFile; fileRef = 211C402A284970180091797F /* NotedApp.swift */; };
		211C402D284970180091797F /* ContentView.swift in Sources */ = {isa = PBXBuildFile; fileRef = 211C402C284970180091797F /* ContentView.swift */; };
		211C402F2849701A0091797F /* Assets.xcassets in Resources */ = {isa = PBXBuildFile; fileRef = 211C402E2849701A0091797F /* Assets.xcassets */; };
		211C40322849701A0091797F /* Preview Assets.xcassets in Resources */ = {isa = PBXBuildFile; fileRef = 211C40312849701A0091797F /* Preview Assets.xcassets */; };
		214492DB28E648890032E3FA /* GoogleService-Info.plist in Resources */ = {isa = PBXBuildFile; fileRef = 214492DA28E648890032E3FA /* GoogleService-Info.plist */; };
		21A0229D285B426100E7B11E /* FirebaseAnalytics in Frameworks */ = {isa = PBXBuildFile; productRef = 21A0229C285B426100E7B11E /* FirebaseAnalytics */; };
		21A0229F285B426100E7B11E /* FirebaseAuth in Frameworks */ = {isa = PBXBuildFile; productRef = 21A0229E285B426100E7B11E /* FirebaseAuth */; };
		21A022A1285B426100E7B11E /* FirebaseStorage in Frameworks */ = {isa = PBXBuildFile; productRef = 21A022A0285B426100E7B11E /* FirebaseStorage */; };
		21A022A8285BB3A000E7B11E /* Signupui.swift in Sources */ = {isa = PBXBuildFile; fileRef = 21A022A7285BB3A000E7B11E /* Signupui.swift */; };
/* End PBXBuildFile section */

/* Begin PBXFileReference section */
		21011DFB284FCE060094FC78 /* Objects.swift */ = {isa = PBXFileReference; lastKnownFileType = sourcecode.swift; path = Objects.swift; sourceTree = "<group>"; };
		21011DFD284FD8A80094FC78 /* Functions.swift */ = {isa = PBXFileReference; lastKnownFileType = sourcecode.swift; path = Functions.swift; sourceTree = "<group>"; };
		2113AE3A284AB71300680017 /* Testview.swift */ = {isa = PBXFileReference; lastKnownFileType = sourcecode.swift; path = Testview.swift; sourceTree = "<group>"; };
		2113AE69284CE39900680017 /* Processhandler.swift */ = {isa = PBXFileReference; lastKnownFileType = sourcecode.swift; path = Processhandler.swift; sourceTree = "<group>"; };
		2113AE6B284D4BF400680017 /* Sheetinfoview.swift */ = {isa = PBXFileReference; lastKnownFileType = sourcecode.swift; path = Sheetinfoview.swift; sourceTree = "<group>"; };
		2113AE6D284D5F5B00680017 /* Loadingview.swift */ = {isa = PBXFileReference; lastKnownFileType = sourcecode.swift; path = Loadingview.swift; sourceTree = "<group>"; };
		211C4027284970180091797F /* Noted.app */ = {isa = PBXFileReference; explicitFileType = wrapper.application; includeInIndex = 0; path = Noted.app; sourceTree = BUILT_PRODUCTS_DIR; };
		211C402A284970180091797F /* NotedApp.swift */ = {isa = PBXFileReference; lastKnownFileType = sourcecode.swift; path = NotedApp.swift; sourceTree = "<group>"; };
		211C402C284970180091797F /* ContentView.swift */ = {isa = PBXFileReference; lastKnownFileType = sourcecode.swift; path = ContentView.swift; sourceTree = "<group>"; };
		211C402E2849701A0091797F /* Assets.xcassets */ = {isa = PBXFileReference; lastKnownFileType = folder.assetcatalog; path = Assets.xcassets; sourceTree = "<group>"; };
		211C40312849701A0091797F /* Preview Assets.xcassets */ = {isa = PBXFileReference; lastKnownFileType = folder.assetcatalog; path = "Preview Assets.xcassets"; sourceTree = "<group>"; };
		214492DA28E648890032E3FA /* GoogleService-Info.plist */ = {isa = PBXFileReference; fileEncoding = 4; lastKnownFileType = text.plist.xml; path = "GoogleService-Info.plist"; sourceTree = "<group>"; };
		21A022A7285BB3A000E7B11E /* Signupui.swift */ = {isa = PBXFileReference; lastKnownFileType = sourcecode.swift; path = Signupui.swift; sourceTree = "<group>"; };
/* End PBXFileReference section */

/* Begin PBXFrameworksBuildPhase section */
		211C4024284970180091797F /* Frameworks */ = {
			isa = PBXFrameworksBuildPhase;
			buildActionMask = 2147483647;
			files = (
				2113AE63284B9BF300680017 /* ScanTextField in Frameworks */,
				2113AE66284BAA3100680017 /* CTScanText in Frameworks */,
				21A0229D285B426100E7B11E /* FirebaseAnalytics in Frameworks */,
				21A022A1285B426100E7B11E /* FirebaseStorage in Frameworks */,
				21A0229F285B426100E7B11E /* FirebaseAuth in Frameworks */,
			);
			runOnlyForDeploymentPostprocessing = 0;
		};
/* End PBXFrameworksBuildPhase section */

/* Begin PBXGroup section */
		211C401E284970180091797F = {
			isa = PBXGroup;
			children = (
				214492DA28E648890032E3FA /* GoogleService-Info.plist */,
				21011DFD284FD8A80094FC78 /* Functions.swift */,
				21011DFB284FCE060094FC78 /* Objects.swift */,
				2113AE69284CE39900680017 /* Processhandler.swift */,
				211C4029284970180091797F /* Noted */,
				211C4028284970180091797F /* Products */,
			);
			sourceTree = "<group>";
		};
		211C4028284970180091797F /* Products */ = {
			isa = PBXGroup;
			children = (
				211C4027284970180091797F /* Noted.app */,
			);
			name = Products;
			sourceTree = "<group>";
		};
		211C4029284970180091797F /* Noted */ = {
			isa = PBXGroup;
			children = (
				21A022A7285BB3A000E7B11E /* Signupui.swift */,
				2113AE6D284D5F5B00680017 /* Loadingview.swift */,
				211C402A284970180091797F /* NotedApp.swift */,
				211C402C284970180091797F /* ContentView.swift */,
				2113AE3A284AB71300680017 /* Testview.swift */,
				211C402E2849701A0091797F /* Assets.xcassets */,
				211C40302849701A0091797F /* Preview Content */,
				2113AE6B284D4BF400680017 /* Sheetinfoview.swift */,
			);
			path = Noted;
			sourceTree = "<group>";
		};
		211C40302849701A0091797F /* Preview Content */ = {
			isa = PBXGroup;
			children = (
				211C40312849701A0091797F /* Preview Assets.xcassets */,
			);
			path = "Preview Content";
			sourceTree = "<group>";
		};
/* End PBXGroup section */

/* Begin PBXNativeTarget section */
		211C4026284970180091797F /* Noted */ = {
			isa = PBXNativeTarget;
			buildConfigurationList = 211C40352849701A0091797F /* Build configuration list for PBXNativeTarget "Noted" */;
			buildPhases = (
				211C4023284970180091797F /* Sources */,
				211C4024284970180091797F /* Frameworks */,
				211C4025284970180091797F /* Resources */,
			);
			buildRules = (
			);
			dependencies = (
			);
			name = Noted;
			packageProductDependencies = (
				2113AE62284B9BF300680017 /* ScanTextField */,
				2113AE65284BAA3100680017 /* CTScanText */,
				21A0229C285B426100E7B11E /* FirebaseAnalytics */,
				21A0229E285B426100E7B11E /* FirebaseAuth */,
				21A022A0285B426100E7B11E /* FirebaseStorage */,
			);
			productName = Noted;
			productReference = 211C4027284970180091797F /* Noted.app */;
			productType = "com.apple.product-type.application";
		};
/* End PBXNativeTarget section */

/* Begin PBXProject section */
		211C401F284970180091797F /* Project object */ = {
			isa = PBXProject;
			attributes = {
				BuildIndependentTargetsInParallel = 1;
				LastSwiftUpdateCheck = 1340;
				LastUpgradeCheck = 1340;
				TargetAttributes = {
					211C4026284970180091797F = {
						CreatedOnToolsVersion = 13.4;
					};
				};
			};
			buildConfigurationList = 211C4022284970180091797F /* Build configuration list for PBXProject "Noted" */;
			compatibilityVersion = "Xcode 13.0";
			developmentRegion = en;
			hasScannedForEncodings = 0;
			knownRegions = (
				en,
				Base,
			);
			mainGroup = 211C401E284970180091797F;
			packageReferences = (
				2113AE61284B9BF300680017 /* XCRemoteSwiftPackageReference "ScanTextField" */,
				2113AE64284BAA3100680017 /* XCRemoteSwiftPackageReference "CTScanText" */,
				21A0229B285B426100E7B11E /* XCRemoteSwiftPackageReference "firebase-ios-sdk" */,
			);
			productRefGroup = 211C4028284970180091797F /* Products */;
			projectDirPath = "";
			projectRoot = "";
			targets = (
				211C4026284970180091797F /* Noted */,
			);
		};
/* End PBXProject section */

/* Begin PBXResourcesBuildPhase section */
		211C4025284970180091797F /* Resources */ = {
			isa = PBXResourcesBuildPhase;
			buildActionMask = 2147483647;
			files = (
				211C40322849701A0091797F /* Preview Assets.xcassets in Resources */,
				211C402F2849701A0091797F /* Assets.xcassets in Resources */,
				214492DB28E648890032E3FA /* GoogleService-Info.plist in Resources */,
			);
			runOnlyForDeploymentPostprocessing = 0;
		};
/* End PBXResourcesBuildPhase section */

/* Begin PBXSourcesBuildPhase section */
		211C4023284970180091797F /* Sources */ = {
			isa = PBXSourcesBuildPhase;
			buildActionMask = 2147483647;
			files = (
				2113AE6C284D4BF400680017 /* Sheetinfoview.swift in Sources */,
				2113AE6A284CE39900680017 /* Processhandler.swift in Sources */,
				211C402D284970180091797F /* ContentView.swift in Sources */,
				21011DFE284FD8A80094FC78 /* Functions.swift in Sources */,
				21A022A8285BB3A000E7B11E /* Signupui.swift in Sources */,
				211C402B284970180091797F /* NotedApp.swift in Sources */,
				2113AE3B284AB71300680017 /* Testview.swift in Sources */,
				21011DFC284FCE060094FC78 /* Objects.swift in Sources */,
				2113AE6E284D5F5B00680017 /* Loadingview.swift in Sources */,
			);
			runOnlyForDeploymentPostprocessing = 0;
		};
/* End PBXSourcesBuildPhase section */

/* Begin XCBuildConfiguration section */
		211C40332849701A0091797F /* Debug */ = {
			isa = XCBuildConfiguration;
			buildSettings = {
				ALWAYS_SEARCH_USER_PATHS = NO;
				CLANG_ANALYZER_NONNULL = YES;
				CLANG_ANALYZER_NUMBER_OBJECT_CONVERSION = YES_AGGRESSIVE;
				CLANG_CXX_LANGUAGE_STANDARD = "gnu++17";
				CLANG_ENABLE_MODULES = YES;
				CLANG_ENABLE_OBJC_ARC = YES;
				CLANG_ENABLE_OBJC_WEAK = YES;
				CLANG_WARN_BLOCK_CAPTURE_AUTORELEASING = YES;
				CLANG_WARN_BOOL_CONVERSION = YES;
				CLANG_WARN_COMMA = YES;
				CLANG_WARN_CONSTANT_CONVERSION = YES;
				CLANG_WARN_DEPRECATED_OBJC_IMPLEMENTATIONS = YES;
				CLANG_WARN_DIRECT_OBJC_ISA_USAGE = YES_ERROR;
				CLANG_WARN_DOCUMENTATION_COMMENTS = YES;
				CLANG_WARN_EMPTY_BODY = YES;
				CLANG_WARN_ENUM_CONVERSION = YES;
				CLANG_WARN_INFINITE_RECURSION = YES;
				CLANG_WARN_INT_CONVERSION = YES;
				CLANG_WARN_NON_LITERAL_NULL_CONVERSION = YES;
				CLANG_WARN_OBJC_IMPLICIT_RETAIN_SELF = YES;
				CLANG_WARN_OBJC_LITERAL_CONVERSION = YES;
				CLANG_WARN_OBJC_ROOT_CLASS = YES_ERROR;
				CLANG_WARN_QUOTED_INCLUDE_IN_FRAMEWORK_HEADER = YES;
				CLANG_WARN_RANGE_LOOP_ANALYSIS = YES;
				CLANG_WARN_STRICT_PROTOTYPES = YES;
				CLANG_WARN_SUSPICIOUS_MOVE = YES;
				CLANG_WARN_UNGUARDED_AVAILABILITY = YES_AGGRESSIVE;
				CLANG_WARN_UNREACHABLE_CODE = YES;
				CLANG_WARN__DUPLICATE_METHOD_MATCH = YES;
				COPY_PHASE_STRIP = NO;
				DEBUG_INFORMATION_FORMAT = dwarf;
				ENABLE_STRICT_OBJC_MSGSEND = YES;
				ENABLE_TESTABILITY = YES;
				GCC_C_LANGUAGE_STANDARD = gnu11;
				GCC_DYNAMIC_NO_PIC = NO;
				GCC_NO_COMMON_BLOCKS = YES;
				GCC_OPTIMIZATION_LEVEL = 0;
				GCC_PREPROCESSOR_DEFINITIONS = (
					"DEBUG=1",
					"$(inherited)",
				);
				GCC_WARN_64_TO_32_BIT_CONVERSION = YES;
				GCC_WARN_ABOUT_RETURN_TYPE = YES_ERROR;
				GCC_WARN_UNDECLARED_SELECTOR = YES;
				GCC_WARN_UNINITIALIZED_AUTOS = YES_AGGRESSIVE;
				GCC_WARN_UNUSED_FUNCTION = YES;
				GCC_WARN_UNUSED_VARIABLE = YES;
				IPHONEOS_DEPLOYMENT_TARGET = 15.5;
				MTL_ENABLE_DEBUG_INFO = INCLUDE_SOURCE;
				MTL_FAST_MATH = YES;
				ONLY_ACTIVE_ARCH = YES;
				SDKROOT = iphoneos;
				SWIFT_ACTIVE_COMPILATION_CONDITIONS = DEBUG;
				SWIFT_OPTIMIZATION_LEVEL = "-Onone";
			};
			name = Debug;
		};
		211C40342849701A0091797F /* Release */ = {
			isa = XCBuildConfiguration;
			buildSettings = {
				ALWAYS_SEARCH_USER_PATHS = NO;
				CLANG_ANALYZER_NONNULL = YES;
				CLANG_ANALYZER_NUMBER_OBJECT_CONVERSION = YES_AGGRESSIVE;
				CLANG_CXX_LANGUAGE_STANDARD = "gnu++17";
				CLANG_ENABLE_MODULES = YES;
				CLANG_ENABLE_OBJC_ARC = YES;
				CLANG_ENABLE_OBJC_WEAK = YES;
				CLANG_WARN_BLOCK_CAPTURE_AUTORELEASING = YES;
				CLANG_WARN_BOOL_CONVERSION = YES;
				CLANG_WARN_COMMA = YES;
				CLANG_WARN_CONSTANT_CONVERSION = YES;
				CLANG_WARN_DEPRECATED_OBJC_IMPLEMENTATIONS = YES;
				CLANG_WARN_DIRECT_OBJC_ISA_USAGE = YES_ERROR;
				CLANG_WARN_DOCUMENTATION_COMMENTS = YES;
				CLANG_WARN_EMPTY_BODY = YES;
				CLANG_WARN_ENUM_CONVERSION = YES;
				CLANG_WARN_INFINITE_RECURSION = YES;
				CLANG_WARN_INT_CONVERSION = YES;
				CLANG_WARN_NON_LITERAL_NULL_CONVERSION = YES;
				CLANG_WARN_OBJC_IMPLICIT_RETAIN_SELF = YES;
				CLANG_WARN_OBJC_LITERAL_CONVERSION = YES;
				CLANG_WARN_OBJC_ROOT_CLASS = YES_ERROR;
				CLANG_WARN_QUOTED_INCLUDE_IN_FRAMEWORK_HEADER = YES;
				CLANG_WARN_RANGE_LOOP_ANALYSIS = YES;
				CLANG_WARN_STRICT_PROTOTYPES = YES;
				CLANG_WARN_SUSPICIOUS_MOVE = YES;
				CLANG_WARN_UNGUARDED_AVAILABILITY = YES_AGGRESSIVE;
				CLANG_WARN_UNREACHABLE_CODE = YES;
				CLANG_WARN__DUPLICATE_METHOD_MATCH = YES;
				COPY_PHASE_STRIP = NO;
				DEBUG_INFORMATION_FORMAT = "dwarf-with-dsym";
				ENABLE_NS_ASSERTIONS = NO;
				ENABLE_STRICT_OBJC_MSGSEND = YES;
				GCC_C_LANGUAGE_STANDARD = gnu11;
				GCC_NO_COMMON_BLOCKS = YES;
				GCC_WARN_64_TO_32_BIT_CONVERSION = YES;
				GCC_WARN_ABOUT_RETURN_TYPE = YES_ERROR;
				GCC_WARN_UNDECLARED_SELECTOR = YES;
				GCC_WARN_UNINITIALIZED_AUTOS = YES_AGGRESSIVE;
				GCC_WARN_UNUSED_FUNCTION = YES;
				GCC_WARN_UNUSED_VARIABLE = YES;
				IPHONEOS_DEPLOYMENT_TARGET = 15.5;
				MTL_ENABLE_DEBUG_INFO = NO;
				MTL_FAST_MATH = YES;
				SDKROOT = iphoneos;
				SWIFT_COMPILATION_MODE = wholemodule;
				SWIFT_OPTIMIZATION_LEVEL = "-O";
				VALIDATE_PRODUCT = YES;
			};
			name = Release;
		};
		211C40362849701A0091797F /* Debug */ = {
			isa = XCBuildConfiguration;
			buildSettings = {
				ASSETCATALOG_COMPILER_APPICON_NAME = AppIcon;
				ASSETCATALOG_COMPILER_GLOBAL_ACCENT_COLOR_NAME = AccentColor;
				CODE_SIGN_STYLE = Automatic;
				CURRENT_PROJECT_VERSION = 1;
				DEVELOPMENT_ASSET_PATHS = "\"Noted/Preview Content\"";
				DEVELOPMENT_TEAM = MV384579Y3;
				ENABLE_PREVIEWS = YES;
				GENERATE_INFOPLIST_FILE = YES;
				INFOPLIST_KEY_UIApplicationSceneManifest_Generation = YES;
				INFOPLIST_KEY_UIApplicationSupportsIndirectInputEvents = YES;
				INFOPLIST_KEY_UILaunchScreen_Generation = YES;
				INFOPLIST_KEY_UISupportedInterfaceOrientations_iPad = "UIInterfaceOrientationPortrait UIInterfaceOrientationPortraitUpsideDown UIInterfaceOrientationLandscapeLeft UIInterfaceOrientationLandscapeRight";
				INFOPLIST_KEY_UISupportedInterfaceOrientations_iPhone = "UIInterfaceOrientationPortrait UIInterfaceOrientationLandscapeLeft UIInterfaceOrientationLandscapeRight";
				LD_RUNPATH_SEARCH_PATHS = (
					"$(inherited)",
					"@executable_path/Frameworks",
				);
				MARKETING_VERSION = 1.0;
				PRODUCT_BUNDLE_IDENTIFIER = myself.Noted;
				PRODUCT_NAME = "$(TARGET_NAME)";
				SWIFT_EMIT_LOC_STRINGS = YES;
				SWIFT_VERSION = 5.0;
				TARGETED_DEVICE_FAMILY = "1,2";
			};
			name = Debug;
		};
		211C40372849701A0091797F /* Release */ = {
			isa = XCBuildConfiguration;
			buildSettings = {
				ASSETCATALOG_COMPILER_APPICON_NAME = AppIcon;
				ASSETCATALOG_COMPILER_GLOBAL_ACCENT_COLOR_NAME = AccentColor;
				CODE_SIGN_STYLE = Automatic;
				CURRENT_PROJECT_VERSION = 1;
				DEVELOPMENT_ASSET_PATHS = "\"Noted/Preview Content\"";
				DEVELOPMENT_TEAM = MV384579Y3;
				ENABLE_PREVIEWS = YES;
				GENERATE_INFOPLIST_FILE = YES;
				INFOPLIST_KEY_UIApplicationSceneManifest_Generation = YES;
				INFOPLIST_KEY_UIApplicationSupportsIndirectInputEvents = YES;
				INFOPLIST_KEY_UILaunchScreen_Generation = YES;
				INFOPLIST_KEY_UISupportedInterfaceOrientations_iPad = "UIInterfaceOrientationPortrait UIInterfaceOrientationPortraitUpsideDown UIInterfaceOrientationLandscapeLeft UIInterfaceOrientationLandscapeRight";
				INFOPLIST_KEY_UISupportedInterfaceOrientations_iPhone = "UIInterfaceOrientationPortrait UIInterfaceOrientationLandscapeLeft UIInterfaceOrientationLandscapeRight";
				LD_RUNPATH_SEARCH_PATHS = (
					"$(inherited)",
					"@executable_path/Frameworks",
				);
				MARKETING_VERSION = 1.0;
				PRODUCT_BUNDLE_IDENTIFIER = myself.Noted;
				PRODUCT_NAME = "$(TARGET_NAME)";
				SWIFT_EMIT_LOC_STRINGS = YES;
				SWIFT_VERSION = 5.0;
				TARGETED_DEVICE_FAMILY = "1,2";
			};
			name = Release;
		};
/* End XCBuildConfiguration section */

/* Begin XCConfigurationList section */
		211C4022284970180091797F /* Build configuration list for PBXProject "Noted" */ = {
			isa = XCConfigurationList;
			buildConfigurations = (
				211C40332849701A0091797F /* Debug */,
				211C40342849701A0091797F /* Release */,
			);
			defaultConfigurationIsVisible = 0;
			defaultConfigurationName = Release;
		};
		211C40352849701A0091797F /* Build configuration list for PBXNativeTarget "Noted" */ = {
			isa = XCConfigurationList;
			buildConfigurations = (
				211C40362849701A0091797F /* Debug */,
				211C40372849701A0091797F /* Release */,
			);
			defaultConfigurationIsVisible = 0;
			defaultConfigurationName = Release;
		};
/* End XCConfigurationList section */

/* Begin XCRemoteSwiftPackageReference section */
		2113AE61284B9BF300680017 /* XCRemoteSwiftPackageReference "ScanTextField" */ = {
			isa = XCRemoteSwiftPackageReference;
			repositoryURL = "https://github.com/chFlorian/ScanTextField";
			requirement = {
				kind = upToNextMajorVersion;
				minimumVersion = 1.0.0;
			};
		};
		2113AE64284BAA3100680017 /* XCRemoteSwiftPackageReference "CTScanText" */ = {
			isa = XCRemoteSwiftPackageReference;
			repositoryURL = "https://github.com/StewartLynch/CTScanText";
			requirement = {
				kind = upToNextMajorVersion;
				minimumVersion = 1.0.0;
			};
		};
		21A0229B285B426100E7B11E /* XCRemoteSwiftPackageReference "firebase-ios-sdk" */ = {
			isa = XCRemoteSwiftPackageReference;
			repositoryURL = "https://github.com/firebase/firebase-ios-sdk";
			requirement = {
				kind = upToNextMajorVersion;
				minimumVersion = 9.0.0;
			};
		};
/* End XCRemoteSwiftPackageReference section */

/* Begin XCSwiftPackageProductDependency section */
		2113AE62284B9BF300680017 /* ScanTextField */ = {
			isa = XCSwiftPackageProductDependency;
			package = 2113AE61284B9BF300680017 /* XCRemoteSwiftPackageReference "ScanTextField" */;
			productName = ScanTextField;
		};
		2113AE65284BAA3100680017 /* CTScanText */ = {
			isa = XCSwiftPackageProductDependency;
			package = 2113AE64284BAA3100680017 /* XCRemoteSwiftPackageReference "CTScanText" */;
			productName = CTScanText;
		};
		21A0229C285B426100E7B11E /* FirebaseAnalytics */ = {
			isa = XCSwiftPackageProductDependency;
			package = 21A0229B285B426100E7B11E /* XCRemoteSwiftPackageReference "firebase-ios-sdk" */;
			productName = FirebaseAnalytics;
		};
		21A0229E285B426100E7B11E /* FirebaseAuth */ = {
			isa = XCSwiftPackageProductDependency;
			package = 21A0229B285B426100E7B11E /* XCRemoteSwiftPackageReference "firebase-ios-sdk" */;
			productName = FirebaseAuth;
		};
		21A022A0285B426100E7B11E /* FirebaseStorage */ = {
			isa = XCSwiftPackageProductDependency;
			package = 21A0229B285B426100E7B11E /* XCRemoteSwiftPackageReference "firebase-ios-sdk" */;
			productName = FirebaseStorage;
		};
/* End XCSwiftPackageProductDependency section */
	};
	rootObject = 211C401F284970180091797F /* Project object */;
}
